
Microsoft Visual Studio Solution File, Format Version 12.00
# Visual Studio Version 16
VisualStudioVersion = 16.0.28803.156
MinimumVisualStudioVersion = 10.0.40219.1
Project("{9A19103F-16F7-4668-BE54-9A1E7A4F7556}") = "Nemesis.TextParsers", "Nemesis.TextParsers\Nemesis.TextParsers.csproj", "{4276D3F9-29E7-4D23-8FB4-32400535CBB7}"
EndProject
Project("{9A19103F-16F7-4668-BE54-9A1E7A4F7556}") = "Nemesis.TextParsers.Tests", "Nemesis.TextParsers.Tests\Nemesis.TextParsers.Tests.csproj", "{33257181-82F8-43E8-B947-A7C736D0A901}"
EndProject
Project("{9A19103F-16F7-4668-BE54-9A1E7A4F7556}") = "Benchmarks", "Benchmarks\Benchmarks.csproj", "{BF38E5BE-AB8D-48DF-ABC1-4B49D8DA99D3}"
EndProject
Project("{2150E333-8FDC-42A3-9474-1A3956D46DE8}") = "Solution Items", "Solution Items", "{9E1DB4A9-1567-47CD-A602-6625864E752A}"
	ProjectSection(SolutionItems) = preProject
		.editorconfig = .editorconfig
		appveyor.yml = appveyor.yml
		CODE_OF_CONDUCT.md = CODE_OF_CONDUCT.md
		Directory.Build.props = Directory.Build.props
		Directory.Build.targets = Directory.Build.targets
		GetNetCoreVersions.ps1 = GetNetCoreVersions.ps1
		LICENSE.txt = LICENSE.txt
		Nemesis.TextParsers.Public.snk = Nemesis.TextParsers.Public.snk
		README.md = README.md
		Specification.md = Specification.md
	EndProjectSection
EndProject
Project("{9A19103F-16F7-4668-BE54-9A1E7A4F7556}") = "Nemesis.TextParsers.CodeGen", "Nemesis.TextParsers.CodeGen\Nemesis.TextParsers.CodeGen.csproj", "{78E75B6B-80A6-46EE-B84D-CE8A287775CE}"
EndProject
Project("{9A19103F-16F7-4668-BE54-9A1E7A4F7556}") = "Nemesis.TextParsers.CodeGen.Tests", "Nemesis.TextParsers.CodeGen.Tests\Nemesis.TextParsers.CodeGen.Tests.csproj", "{FC3A4A7E-D28D-4A84-8F52-6BCED05BED78}"
EndProject
Project("{9A19103F-16F7-4668-BE54-9A1E7A4F7556}") = "Nemesis.TextParsers.CodeGen.Sample", "Nemesis.TextParsers.CodeGen.Sample\Nemesis.TextParsers.CodeGen.Sample.csproj", "{7C32D596-6B5B-4E39-8C96-2FC8757E3213}"
EndProject
Project("{FAE04EC0-301F-11D3-BF4B-00C04F79EFBC}") = "Nemesis.TextParsers.CodeGen.ApprovalTests", "Nemesis.TextParsers.CodeGen.ApprovalTests\Nemesis.TextParsers.CodeGen.ApprovalTests.csproj", "{E857A8D4-D677-408F-81FA-53B2BB54C690}"
EndProject
Global
	GlobalSection(SolutionConfigurationPlatforms) = preSolution
		Debug|Any CPU = Debug|Any CPU
		Release|Any CPU = Release|Any CPU
	EndGlobalSection
	GlobalSection(ProjectConfigurationPlatforms) = postSolution
		{4276D3F9-29E7-4D23-8FB4-32400535CBB7}.Debug|Any CPU.ActiveCfg = Debug|Any CPU
		{4276D3F9-29E7-4D23-8FB4-32400535CBB7}.Debug|Any CPU.Build.0 = Debug|Any CPU
		{4276D3F9-29E7-4D23-8FB4-32400535CBB7}.Release|Any CPU.ActiveCfg = Release|Any CPU
		{4276D3F9-29E7-4D23-8FB4-32400535CBB7}.Release|Any CPU.Build.0 = Release|Any CPU
		{33257181-82F8-43E8-B947-A7C736D0A901}.Debug|Any CPU.ActiveCfg = Debug|Any CPU
		{33257181-82F8-43E8-B947-A7C736D0A901}.Debug|Any CPU.Build.0 = Debug|Any CPU
		{33257181-82F8-43E8-B947-A7C736D0A901}.Release|Any CPU.ActiveCfg = Release|Any CPU
		{33257181-82F8-43E8-B947-A7C736D0A901}.Release|Any CPU.Build.0 = Release|Any CPU
		{BF38E5BE-AB8D-48DF-ABC1-4B49D8DA99D3}.Debug|Any CPU.ActiveCfg = Debug|Any CPU
		{BF38E5BE-AB8D-48DF-ABC1-4B49D8DA99D3}.Debug|Any CPU.Build.0 = Debug|Any CPU
		{BF38E5BE-AB8D-48DF-ABC1-4B49D8DA99D3}.Release|Any CPU.ActiveCfg = Release|Any CPU
		{BF38E5BE-AB8D-48DF-ABC1-4B49D8DA99D3}.Release|Any CPU.Build.0 = Release|Any CPU
		{78E75B6B-80A6-46EE-B84D-CE8A287775CE}.Debug|Any CPU.ActiveCfg = Debug|Any CPU
		{78E75B6B-80A6-46EE-B84D-CE8A287775CE}.Debug|Any CPU.Build.0 = Debug|Any CPU
		{78E75B6B-80A6-46EE-B84D-CE8A287775CE}.Release|Any CPU.ActiveCfg = Release|Any CPU
		{78E75B6B-80A6-46EE-B84D-CE8A287775CE}.Release|Any CPU.Build.0 = Release|Any CPU
		{FC3A4A7E-D28D-4A84-8F52-6BCED05BED78}.Debug|Any CPU.ActiveCfg = Debug|Any CPU
		{FC3A4A7E-D28D-4A84-8F52-6BCED05BED78}.Debug|Any CPU.Build.0 = Debug|Any CPU
		{FC3A4A7E-D28D-4A84-8F52-6BCED05BED78}.Release|Any CPU.ActiveCfg = Release|Any CPU
		{FC3A4A7E-D28D-4A84-8F52-6BCED05BED78}.Release|Any CPU.Build.0 = Release|Any CPU
		{7C32D596-6B5B-4E39-8C96-2FC8757E3213}.Debug|Any CPU.ActiveCfg = Debug|Any CPU
		{7C32D596-6B5B-4E39-8C96-2FC8757E3213}.Debug|Any CPU.Build.0 = Debug|Any CPU
		{7C32D596-6B5B-4E39-8C96-2FC8757E3213}.Release|Any CPU.ActiveCfg = Release|Any CPU
		{7C32D596-6B5B-4E39-8C96-2FC8757E3213}.Release|Any CPU.Build.0 = Release|Any CPU
		{E857A8D4-D677-408F-81FA-53B2BB54C690}.Debug|Any CPU.ActiveCfg = Debug|Any CPU
		{E857A8D4-D677-408F-81FA-53B2BB54C690}.Debug|Any CPU.Build.0 = Debug|Any CPU
		{E857A8D4-D677-408F-81FA-53B2BB54C690}.Release|Any CPU.ActiveCfg = Release|Any CPU
		{E857A8D4-D677-408F-81FA-53B2BB54C690}.Release|Any CPU.Build.0 = Release|Any CPU
	EndGlobalSection
	GlobalSection(SolutionProperties) = preSolution
		HideSolutionNode = FALSE
	EndGlobalSection
	GlobalSection(ExtensibilityGlobals) = postSolution
		SolutionGuid = {6A540D32-2D88-4946-806B-3E613476F833}
	EndGlobalSection
EndGlobal
