
Microsoft Visual Studio Solution File, Format Version 12.00
# Visual Studio Version 16
VisualStudioVersion = 16.0.28803.156
MinimumVisualStudioVersion = 10.0.40219.1
Project("{9A19103F-16F7-4668-BE54-9A1E7A4F7556}") = "Nemesis.TextParsers", "Nemesis.TextParsers\Nemesis.TextParsers.csproj", "{4276D3F9-29E7-4D23-8FB4-32400535CBB7}"
EndProject
Project("{9A19103F-16F7-4668-BE54-9A1E7A4F7556}") = "Nemesis.TextParsers.Tests", "Nemesis.TextParsers.Tests\Nemesis.TextParsers.Tests.csproj", "{33257181-82F8-43E8-B947-A7C736D0A901}"
EndProject
Global
	GlobalSection(SolutionConfigurationPlatforms) = preSolution
		Debug|Any CPU = Debug|Any CPU
		Release|Any CPU = Release|Any CPU
	EndGlobalSection
	GlobalSection(ProjectConfigurationPlatforms) = postSolution
		{4276D3F9-29E7-4D23-8FB4-32400535CBB7}.Debug|Any CPU.ActiveCfg = Debug|Any CPU
		{4276D3F9-29E7-4D23-8FB4-32400535CBB7}.Debug|Any CPU.Build.0 = Debug|Any CPU
		{4276D3F9-29E7-4D23-8FB4-32400535CBB7}.Release|Any CPU.ActiveCfg = Release|Any CPU
		{4276D3F9-29E7-4D23-8FB4-32400535CBB7}.Release|Any CPU.Build.0 = Release|Any CPU
		{33257181-82F8-43E8-B947-A7C736D0A901}.Debug|Any CPU.ActiveCfg = Debug|Any CPU
		{33257181-82F8-43E8-B947-A7C736D0A901}.Debug|Any CPU.Build.0 = Debug|Any CPU
		{33257181-82F8-43E8-B947-A7C736D0A901}.Release|Any CPU.ActiveCfg = Release|Any CPU
		{33257181-82F8-43E8-B947-A7C736D0A901}.Release|Any CPU.Build.0 = Release|Any CPU
	EndGlobalSection
	GlobalSection(SolutionProperties) = preSolution
		HideSolutionNode = FALSE
	EndGlobalSection
	GlobalSection(ExtensibilityGlobals) = postSolution
		SolutionGuid = {6A540D32-2D88-4946-806B-3E613476F833}
	EndGlobalSection
EndGlobal
