
Microsoft Visual Studio Solution File, Format Version 12.00
# Visual Studio Version 16
VisualStudioVersion = 16.0.28803.156
MinimumVisualStudioVersion = 10.0.40219.1
Project("{9A19103F-16F7-4668-BE54-9A1E7A4F7556}") = "Nemesis.TextParsers", "Nemesis.TextParsers\Nemesis.TextParsers.csproj", "{4276D3F9-29E7-4D23-8FB4-32400535CBB7}"
EndProject
Project("{9A19103F-16F7-4668-BE54-9A1E7A4F7556}") = "Nemesis.TextParsers.Tests", "Nemesis.TextParsers.Tests\Nemesis.TextParsers.Tests.csproj", "{33257181-82F8-43E8-B947-A7C736D0A901}"
EndProject
Project("{9A19103F-16F7-4668-BE54-9A1E7A4F7556}") = "Benchmarks", "Benchmarks\Benchmarks.csproj", "{BF38E5BE-AB8D-48DF-ABC1-4B49D8DA99D3}"
EndProject
Project("{2150E333-8FDC-42A3-9474-1A3956D46DE8}") = "Solution Items", "Solution Items", "{9E1DB4A9-1567-47CD-A602-6625864E752A}"
	ProjectSection(SolutionItems) = preProject
		appveyor.yml = appveyor.yml
		CODE_OF_CONDUCT.md = CODE_OF_CONDUCT.md
		Directory.Build.props = Directory.Build.props
		Directory.Build.targets = Directory.Build.targets
		GetNetCoreVersions.ps1 = GetNetCoreVersions.ps1
		LICENSE.txt = LICENSE.txt
		Nemesis.TextParsers.Public.snk = Nemesis.TextParsers.Public.snk
		README.md = README.md
	EndProjectSection
EndProject
Global
	GlobalSection(SolutionConfigurationPlatforms) = preSolution
		Debug|Any CPU = Debug|Any CPU
		Release|Any CPU = Release|Any CPU
	EndGlobalSection
	GlobalSection(ProjectConfigurationPlatforms) = postSolution
		{4276D3F9-29E7-4D23-8FB4-32400535CBB7}.Debug|Any CPU.ActiveCfg = Debug|Any CPU
		{4276D3F9-29E7-4D23-8FB4-32400535CBB7}.Debug|Any CPU.Build.0 = Debug|Any CPU
		{4276D3F9-29E7-4D23-8FB4-32400535CBB7}.Release|Any CPU.ActiveCfg = Release|Any CPU
		{4276D3F9-29E7-4D23-8FB4-32400535CBB7}.Release|Any CPU.Build.0 = Release|Any CPU
		{33257181-82F8-43E8-B947-A7C736D0A901}.Debug|Any CPU.ActiveCfg = Debug|Any CPU
		{33257181-82F8-43E8-B947-A7C736D0A901}.Debug|Any CPU.Build.0 = Debug|Any CPU
		{33257181-82F8-43E8-B947-A7C736D0A901}.Release|Any CPU.ActiveCfg = Release|Any CPU
		{33257181-82F8-43E8-B947-A7C736D0A901}.Release|Any CPU.Build.0 = Release|Any CPU
		{BF38E5BE-AB8D-48DF-ABC1-4B49D8DA99D3}.Debug|Any CPU.ActiveCfg = Debug|Any CPU
		{BF38E5BE-AB8D-48DF-ABC1-4B49D8DA99D3}.Debug|Any CPU.Build.0 = Debug|Any CPU
		{BF38E5BE-AB8D-48DF-ABC1-4B49D8DA99D3}.Release|Any CPU.ActiveCfg = Release|Any CPU
		{BF38E5BE-AB8D-48DF-ABC1-4B49D8DA99D3}.Release|Any CPU.Build.0 = Release|Any CPU
	EndGlobalSection
	GlobalSection(SolutionProperties) = preSolution
		HideSolutionNode = FALSE
	EndGlobalSection
	GlobalSection(ExtensibilityGlobals) = postSolution
		SolutionGuid = {6A540D32-2D88-4946-806B-3E613476F833}
	EndGlobalSection
EndGlobal
